// !$*UTF8*$!
{
	archiveVersion = 1;
	classes = {
	};
	objectVersion = 46;
	objects = {

/* Begin PBXBuildFile section */
		95041178177BDEB200BF15A1 /* UIKit.framework in Frameworks */ = {isa = PBXBuildFile; fileRef = 95041177177BDEB200BF15A1 /* UIKit.framework */; };
		9504117A177BDEB200BF15A1 /* Foundation.framework in Frameworks */ = {isa = PBXBuildFile; fileRef = 95041179177BDEB200BF15A1 /* Foundation.framework */; };
		9504117C177BDEB200BF15A1 /* CoreGraphics.framework in Frameworks */ = {isa = PBXBuildFile; fileRef = 9504117B177BDEB200BF15A1 /* CoreGraphics.framework */; };
		95041182177BDEB200BF15A1 /* InfoPlist.strings in Resources */ = {isa = PBXBuildFile; fileRef = 95041180177BDEB200BF15A1 /* InfoPlist.strings */; };
		95041184177BDEB200BF15A1 /* main.m in Sources */ = {isa = PBXBuildFile; fileRef = 95041183177BDEB200BF15A1 /* main.m */; };
		95041188177BDEB200BF15A1 /* AppDelegate.m in Sources */ = {isa = PBXBuildFile; fileRef = 95041187177BDEB200BF15A1 /* AppDelegate.m */; };
		9504118A177BDEB200BF15A1 /* Default.png in Resources */ = {isa = PBXBuildFile; fileRef = 95041189177BDEB200BF15A1 /* Default.png */; };
		9504118C177BDEB200BF15A1 /* Default@2x.png in Resources */ = {isa = PBXBuildFile; fileRef = 9504118B177BDEB200BF15A1 /* Default@2x.png */; };
		9504118E177BDEB200BF15A1 /* Default-568h@2x.png in Resources */ = {isa = PBXBuildFile; fileRef = 9504118D177BDEB200BF15A1 /* Default-568h@2x.png */; };
		95041191177BDEB200BF15A1 /* ViewController.m in Sources */ = {isa = PBXBuildFile; fileRef = 95041190177BDEB200BF15A1 /* ViewController.m */; };
		95041194177BDEB200BF15A1 /* ViewController.xib in Resources */ = {isa = PBXBuildFile; fileRef = 95041192177BDEB200BF15A1 /* ViewController.xib */; };
		9504119E177BDFD900BF15A1 /* sampleText.txt in Resources */ = {isa = PBXBuildFile; fileRef = 9504119C177BDFD900BF15A1 /* sampleText.txt */; };
		950411A0177BE17E00BF15A1 /* CoreText.framework in Frameworks */ = {isa = PBXBuildFile; fileRef = 9504119F177BE17E00BF15A1 /* CoreText.framework */; };
		9597D3F4177C382C005EE1C2 /* KSCoreTextView.m in Sources */ = {isa = PBXBuildFile; fileRef = 9597D3F3177C382B005EE1C2 /* KSCoreTextView.m */; };
/* End PBXBuildFile section */

/* Begin PBXFileReference section */
		95041174177BDEB200BF15A1 /* CoreTextDemo.app */ = {isa = PBXFileReference; explicitFileType = wrapper.application; includeInIndex = 0; path = CoreTextDemo.app; sourceTree = BUILT_PRODUCTS_DIR; };
		95041177177BDEB200BF15A1 /* UIKit.framework */ = {isa = PBXFileReference; lastKnownFileType = wrapper.framework; name = UIKit.framework; path = System/Library/Frameworks/UIKit.framework; sourceTree = SDKROOT; };
		95041179177BDEB200BF15A1 /* Foundation.framework */ = {isa = PBXFileReference; lastKnownFileType = wrapper.framework; name = Foundation.framework; path = System/Library/Frameworks/Foundation.framework; sourceTree = SDKROOT; };
		9504117B177BDEB200BF15A1 /* CoreGraphics.framework */ = {isa = PBXFileReference; lastKnownFileType = wrapper.framework; name = CoreGraphics.framework; path = System/Library/Frameworks/CoreGraphics.framework; sourceTree = SDKROOT; };
		9504117F177BDEB200BF15A1 /* CoreTextDemo-Info.plist */ = {isa = PBXFileReference; lastKnownFileType = text.plist.xml; path = "CoreTextDemo-Info.plist"; sourceTree = "<group>"; };
		95041181177BDEB200BF15A1 /* en */ = {isa = PBXFileReference; lastKnownFileType = text.plist.strings; name = en; path = en.lproj/InfoPlist.strings; sourceTree = "<group>"; };
		95041183177BDEB200BF15A1 /* main.m */ = {isa = PBXFileReference; lastKnownFileType = sourcecode.c.objc; path = main.m; sourceTree = "<group>"; };
		95041185177BDEB200BF15A1 /* CoreTextDemo-Prefix.pch */ = {isa = PBXFileReference; lastKnownFileType = sourcecode.c.h; path = "CoreTextDemo-Prefix.pch"; sourceTree = "<group>"; };
		95041186177BDEB200BF15A1 /* AppDelegate.h */ = {isa = PBXFileReference; lastKnownFileType = sourcecode.c.h; path = AppDelegate.h; sourceTree = "<group>"; };
		95041187177BDEB200BF15A1 /* AppDelegate.m */ = {isa = PBXFileReference; lastKnownFileType = sourcecode.c.objc; path = AppDelegate.m; sourceTree = "<group>"; };
		95041189177BDEB200BF15A1 /* Default.png */ = {isa = PBXFileReference; lastKnownFileType = image.png; path = Default.png; sourceTree = "<group>"; };
		9504118B177BDEB200BF15A1 /* Default@2x.png */ = {isa = PBXFileReference; lastKnownFileType = image.png; path = "Default@2x.png"; sourceTree = "<group>"; };
		9504118D177BDEB200BF15A1 /* Default-568h@2x.png */ = {isa = PBXFileReference; lastKnownFileType = image.png; path = "Default-568h@2x.png"; sourceTree = "<group>"; };
		9504118F177BDEB200BF15A1 /* ViewController.h */ = {isa = PBXFileReference; lastKnownFileType = sourcecode.c.h; path = ViewController.h; sourceTree = "<group>"; };
		95041190177BDEB200BF15A1 /* ViewController.m */ = {isa = PBXFileReference; lastKnownFileType = sourcecode.c.objc; path = ViewController.m; sourceTree = "<group>"; };
		95041193177BDEB200BF15A1 /* en */ = {isa = PBXFileReference; lastKnownFileType = file.xib; name = en; path = en.lproj/ViewController.xib; sourceTree = "<group>"; };
		9504119C177BDFD900BF15A1 /* sampleText.txt */ = {isa = PBXFileReference; fileEncoding = 4; lastKnownFileType = text; path = sampleText.txt; sourceTree = "<group>"; };
		9504119F177BE17E00BF15A1 /* CoreText.framework */ = {isa = PBXFileReference; lastKnownFileType = wrapper.framework; name = CoreText.framework; path = System/Library/Frameworks/CoreText.framework; sourceTree = SDKROOT; };
		9597D3F2177C382B005EE1C2 /* KSCoreTextView.h */ = {isa = PBXFileReference; fileEncoding = 4; lastKnownFileType = sourcecode.c.h; path = KSCoreTextView.h; sourceTree = "<group>"; };
		9597D3F3177C382B005EE1C2 /* KSCoreTextView.m */ = {isa = PBXFileReference; fileEncoding = 4; lastKnownFileType = sourcecode.c.objc; path = KSCoreTextView.m; sourceTree = "<group>"; };
/* End PBXFileReference section */

/* Begin PBXFrameworksBuildPhase section */
		95041171177BDEB200BF15A1 /* Frameworks */ = {
			isa = PBXFrameworksBuildPhase;
			buildActionMask = 2147483647;
			files = (
				950411A0177BE17E00BF15A1 /* CoreText.framework in Frameworks */,
				95041178177BDEB200BF15A1 /* UIKit.framework in Frameworks */,
				9504117A177BDEB200BF15A1 /* Foundation.framework in Frameworks */,
				9504117C177BDEB200BF15A1 /* CoreGraphics.framework in Frameworks */,
			);
			runOnlyForDeploymentPostprocessing = 0;
		};
/* End PBXFrameworksBuildPhase section */

/* Begin PBXGroup section */
		9504116B177BDEB200BF15A1 = {
			isa = PBXGroup;
			children = (
				9504117D177BDEB200BF15A1 /* CoreTextDemo */,
				95041176177BDEB200BF15A1 /* Frameworks */,
				95041175177BDEB200BF15A1 /* Products */,
			);
			sourceTree = "<group>";
		};
		95041175177BDEB200BF15A1 /* Products */ = {
			isa = PBXGroup;
			children = (
				95041174177BDEB200BF15A1 /* CoreTextDemo.app */,
			);
			name = Products;
			sourceTree = "<group>";
		};
		95041176177BDEB200BF15A1 /* Frameworks */ = {
			isa = PBXGroup;
			children = (
				9504119F177BE17E00BF15A1 /* CoreText.framework */,
				95041177177BDEB200BF15A1 /* UIKit.framework */,
				95041179177BDEB200BF15A1 /* Foundation.framework */,
				9504117B177BDEB200BF15A1 /* CoreGraphics.framework */,
			);
			name = Frameworks;
			sourceTree = "<group>";
		};
		9504117D177BDEB200BF15A1 /* CoreTextDemo */ = {
			isa = PBXGroup;
			children = (
				9504119C177BDFD900BF15A1 /* sampleText.txt */,
				95041186177BDEB200BF15A1 /* AppDelegate.h */,
				95041187177BDEB200BF15A1 /* AppDelegate.m */,
				9504118F177BDEB200BF15A1 /* ViewController.h */,
				95041190177BDEB200BF15A1 /* ViewController.m */,
				95041192177BDEB200BF15A1 /* ViewController.xib */,
				9504117E177BDEB200BF15A1 /* Supporting Files */,
				9597D3F2177C382B005EE1C2 /* KSCoreTextView.h */,
				9597D3F3177C382B005EE1C2 /* KSCoreTextView.m */,
			);
			path = CoreTextDemo;
			sourceTree = "<group>";
		};
		9504117E177BDEB200BF15A1 /* Supporting Files */ = {
			isa = PBXGroup;
			children = (
				9504117F177BDEB200BF15A1 /* CoreTextDemo-Info.plist */,
				95041180177BDEB200BF15A1 /* InfoPlist.strings */,
				95041183177BDEB200BF15A1 /* main.m */,
				95041185177BDEB200BF15A1 /* CoreTextDemo-Prefix.pch */,
				95041189177BDEB200BF15A1 /* Default.png */,
				9504118B177BDEB200BF15A1 /* Default@2x.png */,
				9504118D177BDEB200BF15A1 /* Default-568h@2x.png */,
			);
			name = "Supporting Files";
			sourceTree = "<group>";
		};
/* End PBXGroup section */

/* Begin PBXNativeTarget section */
		95041173177BDEB200BF15A1 /* CoreTextDemo */ = {
			isa = PBXNativeTarget;
			buildConfigurationList = 95041197177BDEB200BF15A1 /* Build configuration list for PBXNativeTarget "CoreTextDemo" */;
			buildPhases = (
				95041170177BDEB200BF15A1 /* Sources */,
				95041171177BDEB200BF15A1 /* Frameworks */,
				95041172177BDEB200BF15A1 /* Resources */,
			);
			buildRules = (
			);
			dependencies = (
			);
			name = CoreTextDemo;
			productName = CoreTextDemo;
			productReference = 95041174177BDEB200BF15A1 /* CoreTextDemo.app */;
			productType = "com.apple.product-type.application";
		};
/* End PBXNativeTarget section */

/* Begin PBXProject section */
		9504116C177BDEB200BF15A1 /* Project object */ = {
			isa = PBXProject;
			attributes = {
				LastUpgradeCheck = 0460;
				ORGANIZATIONNAME = "SpriteApp Inc";
			};
			buildConfigurationList = 9504116F177BDEB200BF15A1 /* Build configuration list for PBXProject "CoreTextDemo" */;
			compatibilityVersion = "Xcode 3.2";
			developmentRegion = English;
			hasScannedForEncodings = 0;
			knownRegions = (
				en,
			);
			mainGroup = 9504116B177BDEB200BF15A1;
			productRefGroup = 95041175177BDEB200BF15A1 /* Products */;
			projectDirPath = "";
			projectRoot = "";
			targets = (
				95041173177BDEB200BF15A1 /* CoreTextDemo */,
			);
		};
/* End PBXProject section */

/* Begin PBXResourcesBuildPhase section */
		95041172177BDEB200BF15A1 /* Resources */ = {
			isa = PBXResourcesBuildPhase;
			buildActionMask = 2147483647;
			files = (
				95041182177BDEB200BF15A1 /* InfoPlist.strings in Resources */,
				9504118A177BDEB200BF15A1 /* Default.png in Resources */,
				9504118C177BDEB200BF15A1 /* Default@2x.png in Resources */,
				9504118E177BDEB200BF15A1 /* Default-568h@2x.png in Resources */,
				95041194177BDEB200BF15A1 /* ViewController.xib in Resources */,
				9504119E177BDFD900BF15A1 /* sampleText.txt in Resources */,
			);
			runOnlyForDeploymentPostprocessing = 0;
		};
/* End PBXResourcesBuildPhase section */

/* Begin PBXSourcesBuildPhase section */
		95041170177BDEB200BF15A1 /* Sources */ = {
			isa = PBXSourcesBuildPhase;
			buildActionMask = 2147483647;
			files = (
				95041184177BDEB200BF15A1 /* main.m in Sources */,
				95041188177BDEB200BF15A1 /* AppDelegate.m in Sources */,
				95041191177BDEB200BF15A1 /* ViewController.m in Sources */,
				9597D3F4177C382C005EE1C2 /* KSCoreTextView.m in Sources */,
			);
			runOnlyForDeploymentPostprocessing = 0;
		};
/* End PBXSourcesBuildPhase section */

/* Begin PBXVariantGroup section */
		95041180177BDEB200BF15A1 /* InfoPlist.strings */ = {
			isa = PBXVariantGroup;
			children = (
				95041181177BDEB200BF15A1 /* en */,
			);
			name = InfoPlist.strings;
			sourceTree = "<group>";
		};
		95041192177BDEB200BF15A1 /* ViewController.xib */ = {
			isa = PBXVariantGroup;
			children = (
				95041193177BDEB200BF15A1 /* en */,
			);
			name = ViewController.xib;
			sourceTree = "<group>";
		};
/* End PBXVariantGroup section */

/* Begin XCBuildConfiguration section */
		95041195177BDEB200BF15A1 /* Debug */ = {
			isa = XCBuildConfiguration;
			buildSettings = {
				ALWAYS_SEARCH_USER_PATHS = NO;
				CLANG_CXX_LANGUAGE_STANDARD = "gnu++0x";
				CLANG_CXX_LIBRARY = "libc++";
				CLANG_WARN_CONSTANT_CONVERSION = YES;
				CLANG_WARN_EMPTY_BODY = YES;
				CLANG_WARN_ENUM_CONVERSION = YES;
				CLANG_WARN_INT_CONVERSION = YES;
				CLANG_WARN__DUPLICATE_METHOD_MATCH = YES;
				"CODE_SIGN_IDENTITY[sdk=iphoneos*]" = "iPhone Developer";
				COPY_PHASE_STRIP = NO;
				GCC_C_LANGUAGE_STANDARD = gnu99;
				GCC_DYNAMIC_NO_PIC = NO;
				GCC_OPTIMIZATION_LEVEL = 0;
				GCC_PREPROCESSOR_DEFINITIONS = (
					"DEBUG=1",
					"$(inherited)",
				);
				GCC_SYMBOLS_PRIVATE_EXTERN = NO;
				GCC_WARN_ABOUT_RETURN_TYPE = YES;
				GCC_WARN_UNINITIALIZED_AUTOS = YES;
				GCC_WARN_UNUSED_VARIABLE = YES;
				IPHONEOS_DEPLOYMENT_TARGET = 5.0;
				ONLY_ACTIVE_ARCH = YES;
				SDKROOT = iphoneos;
			};
			name = Debug;
		};
		95041196177BDEB200BF15A1 /* Release */ = {
			isa = XCBuildConfiguration;
			buildSettings = {
				ALWAYS_SEARCH_USER_PATHS = NO;
				CLANG_CXX_LANGUAGE_STANDARD = "gnu++0x";
				CLANG_CXX_LIBRARY = "libc++";
				CLANG_WARN_CONSTANT_CONVERSION = YES;
				CLANG_WARN_EMPTY_BODY = YES;
				CLANG_WARN_ENUM_CONVERSION = YES;
				CLANG_WARN_INT_CONVERSION = YES;
				CLANG_WARN__DUPLICATE_METHOD_MATCH = YES;
				"CODE_SIGN_IDENTITY[sdk=iphoneos*]" = "iPhone Developer";
				COPY_PHASE_STRIP = YES;
				GCC_C_LANGUAGE_STANDARD = gnu99;
				GCC_WARN_ABOUT_RETURN_TYPE = YES;
				GCC_WARN_UNINITIALIZED_AUTOS = YES;
				GCC_WARN_UNUSED_VARIABLE = YES;
				IPHONEOS_DEPLOYMENT_TARGET = 5.0;
				OTHER_CFLAGS = "-DNS_BLOCK_ASSERTIONS=1";
				SDKROOT = iphoneos;
				VALIDATE_PRODUCT = YES;
			};
			name = Release;
		};
		95041198177BDEB200BF15A1 /* Debug */ = {
			isa = XCBuildConfiguration;
			buildSettings = {
				GCC_PRECOMPILE_PREFIX_HEADER = YES;
				GCC_PREFIX_HEADER = "CoreTextDemo/CoreTextDemo-Prefix.pch";
				INFOPLIST_FILE = "CoreTextDemo/CoreTextDemo-Info.plist";
				PRODUCT_NAME = "$(TARGET_NAME)";
				WRAPPER_EXTENSION = app;
			};
			name = Debug;
		};
		95041199177BDEB200BF15A1 /* Release */ = {
			isa = XCBuildConfiguration;
			buildSettings = {
				GCC_PRECOMPILE_PREFIX_HEADER = YES;
				GCC_PREFIX_HEADER = "CoreTextDemo/CoreTextDemo-Prefix.pch";
				INFOPLIST_FILE = "CoreTextDemo/CoreTextDemo-Info.plist";
				PRODUCT_NAME = "$(TARGET_NAME)";
				WRAPPER_EXTENSION = app;
			};
			name = Release;
		};
/* End XCBuildConfiguration section */

/* Begin XCConfigurationList section */
		9504116F177BDEB200BF15A1 /* Build configuration list for PBXProject "CoreTextDemo" */ = {
			isa = XCConfigurationList;
			buildConfigurations = (
				95041195177BDEB200BF15A1 /* Debug */,
				95041196177BDEB200BF15A1 /* Release */,
			);
			defaultConfigurationIsVisible = 0;
			defaultConfigurationName = Release;
		};
		95041197177BDEB200BF15A1 /* Build configuration list for PBXNativeTarget "CoreTextDemo" */ = {
			isa = XCConfigurationList;
			buildConfigurations = (
				95041198177BDEB200BF15A1 /* Debug */,
				95041199177BDEB200BF15A1 /* Release */,
			);
			defaultConfigurationIsVisible = 0;
			defaultConfigurationName = Release;
		};
/* End XCConfigurationList section */
	};
	rootObject = 9504116C177BDEB200BF15A1 /* Project object */;
}
